{
  "format": "x07.external-packages.lock@0.1.0",
  "lock_version": 1,
  "packages": [
    {
      "determinism_tier": "pure",
      "import_mode": "handwritten",
      "modules": [
        {
          "module_id": "std.mcp.auth.challenge",
          "path": "packages/ext/x07-ext-mcp-auth/0.1.0/modules/std/mcp/auth/challenge.x07.json",
          "sha256": "0ef1a2ddc1c00e510c273d9d35bc4488e3963ce2cae29828132bd34d17aff758",
          "size_bytes": 1823
        },
        {
          "module_id": "std.mcp.auth.oauth_test_static",
          "path": "packages/ext/x07-ext-mcp-auth/0.1.0/modules/std/mcp/auth/oauth_test_static.x07.json",
          "sha256": "af9463b8c84fd2e18871a2e33d285fe9d0cfb8bac993e94ed1aaa6b55a90b46d",
          "size_bytes": 6044
        },
        {
          "module_id": "std.mcp.auth.prm",
          "path": "packages/ext/x07-ext-mcp-auth/0.1.0/modules/std/mcp/auth/prm.x07.json",
          "sha256": "f305ceb3977439a18c99f64ca4d8a53911d9c90a05447d00959330ed1f9ce3e1",
          "size_bytes": 3909
        },
        {
          "module_id": "std.mcp.auth",
          "path": "packages/ext/x07-ext-mcp-auth/0.1.0/modules/std/mcp/auth.x07.json",
          "sha256": "a58c0dc6a3244e12a5202189c4e523f92e7f43c59a2d22180ba3ac841c5ebd2c",
          "size_bytes": 1564
        }
      ],
      "name": "ext-mcp-auth",
      "package_manifest_sha256": "8ac144a283005ef95ca73c4443a65383edef05f2108af36e4e817124aadf55bd",
      "path": "packages/ext/x07-ext-mcp-auth/0.1.0",
      "version": "0.1.0"
    },
    {
      "determinism_tier": "pure",
      "import_mode": "handwritten",
      "modules": [
        {
          "module_id": "std.mcp.diag",
          "path": "packages/ext/x07-ext-mcp-core/0.1.0/modules/std/mcp/diag.x07.json",
          "sha256": "8e1f6931bfe65880fdb5570bc7d4e0a2aa5775ea669346be3f667998738e18f1",
          "size_bytes": 774
        },
        {
          "module_id": "std.mcp.jsonrpc",
          "path": "packages/ext/x07-ext-mcp-core/0.1.0/modules/std/mcp/jsonrpc.x07.json",
          "sha256": "5bbbee8c61665ff512ba4d614513faccc4d301677e150937aa4669491e092fc1",
          "size_bytes": 8459
        },
        {
          "module_id": "std.mcp.protocol",
          "path": "packages/ext/x07-ext-mcp-core/0.1.0/modules/std/mcp/protocol.x07.json",
          "sha256": "d294f387128fc0601d3d9ce8c42d78ab87f4ee1bf758b8d3bd39c390551dd381",
          "size_bytes": 463
        },
        {
          "module_id": "std.mcp.tool.errors",
          "path": "packages/ext/x07-ext-mcp-core/0.1.0/modules/std/mcp/tool/errors.x07.json",
          "sha256": "c617965ffcda142f4bdb577ed09f953a1d18caff9be5f44075df080f0bf6352f",
          "size_bytes": 5508
        },
        {
          "module_id": "std.mcp.tool.result",
          "path": "packages/ext/x07-ext-mcp-core/0.1.0/modules/std/mcp/tool/result.x07.json",
          "sha256": "cf3291b3e03a568dba889b1ac63bd91da9cfcf880d3356abe7f9441ae8f98200",
          "size_bytes": 6334
        },
        {
          "module_id": "std.mcp.tool",
          "path": "packages/ext/x07-ext-mcp-core/0.1.0/modules/std/mcp/tool.x07.json",
          "sha256": "bc13c2078cdcd9b79b7f822e0232f56bf193ae85c9264c4dc80379154b0afd85",
          "size_bytes": 1196
        },
        {
          "module_id": "std.mcp.util.json",
          "path": "packages/ext/x07-ext-mcp-core/0.1.0/modules/std/mcp/util/json.x07.json",
          "sha256": "81c289f3987178fe4a14c948e772cdf663be0eca6f9c4f6a850cfe832d8bb97f",
          "size_bytes": 2428
        }
      ],
      "name": "ext-mcp-core",
      "package_manifest_sha256": "f219f1b2dc9aef738f90d63ed99cd436e0f672bcf986d644bf3317e2377d3389",
      "path": "packages/ext/x07-ext-mcp-core/0.1.0",
      "version": "0.1.0"
    },
    {
      "determinism_tier": "pure",
      "import_mode": "handwritten",
      "modules": [
        {
          "module_id": "std.mcp.diag",
          "path": "packages/ext/x07-ext-mcp-core/0.1.1/modules/std/mcp/diag.x07.json",
          "sha256": "8e1f6931bfe65880fdb5570bc7d4e0a2aa5775ea669346be3f667998738e18f1",
          "size_bytes": 774
        },
        {
          "module_id": "std.mcp.jsonrpc",
          "path": "packages/ext/x07-ext-mcp-core/0.1.1/modules/std/mcp/jsonrpc.x07.json",
          "sha256": "5bbbee8c61665ff512ba4d614513faccc4d301677e150937aa4669491e092fc1",
          "size_bytes": 8459
        },
        {
          "module_id": "std.mcp.protocol",
          "path": "packages/ext/x07-ext-mcp-core/0.1.1/modules/std/mcp/protocol.x07.json",
          "sha256": "d294f387128fc0601d3d9ce8c42d78ab87f4ee1bf758b8d3bd39c390551dd381",
          "size_bytes": 463
        },
        {
          "module_id": "std.mcp.tool.errors",
          "path": "packages/ext/x07-ext-mcp-core/0.1.1/modules/std/mcp/tool/errors.x07.json",
          "sha256": "c617965ffcda142f4bdb577ed09f953a1d18caff9be5f44075df080f0bf6352f",
          "size_bytes": 5508
        },
        {
          "module_id": "std.mcp.tool.result",
          "path": "packages/ext/x07-ext-mcp-core/0.1.1/modules/std/mcp/tool/result.x07.json",
          "sha256": "cf3291b3e03a568dba889b1ac63bd91da9cfcf880d3356abe7f9441ae8f98200",
          "size_bytes": 6334
        },
        {
          "module_id": "std.mcp.tool",
          "path": "packages/ext/x07-ext-mcp-core/0.1.1/modules/std/mcp/tool.x07.json",
          "sha256": "bc13c2078cdcd9b79b7f822e0232f56bf193ae85c9264c4dc80379154b0afd85",
          "size_bytes": 1196
        },
        {
          "module_id": "std.mcp.util.json",
          "path": "packages/ext/x07-ext-mcp-core/0.1.1/modules/std/mcp/util/json.x07.json",
          "sha256": "81c289f3987178fe4a14c948e772cdf663be0eca6f9c4f6a850cfe832d8bb97f",
          "size_bytes": 2428
        }
      ],
      "name": "ext-mcp-core",
      "package_manifest_sha256": "23ec3e7031e89b95b88ede1b96ec6dad9dc99ab99fbfefb2de8c08eaab6f3285",
      "path": "packages/ext/x07-ext-mcp-core/0.1.1",
      "version": "0.1.1"
    },
    {
      "determinism_tier": "pure",
      "import_mode": "handwritten",
      "modules": [
        {
          "module_id": "std.mcp.diag",
          "path": "packages/ext/x07-ext-mcp-core/0.2.0/modules/std/mcp/diag.x07.json",
          "sha256": "8e1f6931bfe65880fdb5570bc7d4e0a2aa5775ea669346be3f667998738e18f1",
          "size_bytes": 774
        },
        {
          "module_id": "std.mcp.jsonrpc",
          "path": "packages/ext/x07-ext-mcp-core/0.2.0/modules/std/mcp/jsonrpc.x07.json",
          "sha256": "5bbbee8c61665ff512ba4d614513faccc4d301677e150937aa4669491e092fc1",
          "size_bytes": 8459
        },
        {
          "module_id": "std.mcp.protocol",
          "path": "packages/ext/x07-ext-mcp-core/0.2.0/modules/std/mcp/protocol.x07.json",
          "sha256": "d294f387128fc0601d3d9ce8c42d78ab87f4ee1bf758b8d3bd39c390551dd381",
          "size_bytes": 463
        },
        {
          "module_id": "std.mcp.tool.errors",
          "path": "packages/ext/x07-ext-mcp-core/0.2.0/modules/std/mcp/tool/errors.x07.json",
          "sha256": "c617965ffcda142f4bdb577ed09f953a1d18caff9be5f44075df080f0bf6352f",
          "size_bytes": 5508
        },
        {
          "module_id": "std.mcp.tool.result",
          "path": "packages/ext/x07-ext-mcp-core/0.2.0/modules/std/mcp/tool/result.x07.json",
          "sha256": "cf3291b3e03a568dba889b1ac63bd91da9cfcf880d3356abe7f9441ae8f98200",
          "size_bytes": 6334
        },
        {
          "module_id": "std.mcp.tool",
          "path": "packages/ext/x07-ext-mcp-core/0.2.0/modules/std/mcp/tool.x07.json",
          "sha256": "bc13c2078cdcd9b79b7f822e0232f56bf193ae85c9264c4dc80379154b0afd85",
          "size_bytes": 1196
        },
        {
          "module_id": "std.mcp.util.json",
          "path": "packages/ext/x07-ext-mcp-core/0.2.0/modules/std/mcp/util/json.x07.json",
          "sha256": "81c289f3987178fe4a14c948e772cdf663be0eca6f9c4f6a850cfe832d8bb97f",
          "size_bytes": 2428
        }
      ],
      "name": "ext-mcp-core",
      "package_manifest_sha256": "ab4eafeef82a0281e9a5f1b05c065485405f0ea9585beeb9b3f0bb86f3eb7949",
      "path": "packages/ext/x07-ext-mcp-core/0.2.0",
      "version": "0.2.0"
    },
    {
      "determinism_tier": "pure",
      "import_mode": "handwritten",
      "modules": [
        {
          "module_id": "std.mcp.diag",
          "path": "packages/ext/x07-ext-mcp-core/0.2.1/modules/std/mcp/diag.x07.json",
          "sha256": "8e1f6931bfe65880fdb5570bc7d4e0a2aa5775ea669346be3f667998738e18f1",
          "size_bytes": 774
        },
        {
          "module_id": "std.mcp.jsonrpc",
          "path": "packages/ext/x07-ext-mcp-core/0.2.1/modules/std/mcp/jsonrpc.x07.json",
          "sha256": "b369452205c724ffe2060af7c3b1df20c92550e7ed958684ceb13c7747ac2e86",
          "size_bytes": 9606
        },
        {
          "module_id": "std.mcp.protocol",
          "path": "packages/ext/x07-ext-mcp-core/0.2.1/modules/std/mcp/protocol.x07.json",
          "sha256": "d294f387128fc0601d3d9ce8c42d78ab87f4ee1bf758b8d3bd39c390551dd381",
          "size_bytes": 463
        },
        {
          "module_id": "std.mcp.tool.errors",
          "path": "packages/ext/x07-ext-mcp-core/0.2.1/modules/std/mcp/tool/errors.x07.json",
          "sha256": "c617965ffcda142f4bdb577ed09f953a1d18caff9be5f44075df080f0bf6352f",
          "size_bytes": 5508
        },
        {
          "module_id": "std.mcp.tool.result",
          "path": "packages/ext/x07-ext-mcp-core/0.2.1/modules/std/mcp/tool/result.x07.json",
          "sha256": "cf3291b3e03a568dba889b1ac63bd91da9cfcf880d3356abe7f9441ae8f98200",
          "size_bytes": 6334
        },
        {
          "module_id": "std.mcp.tool",
          "path": "packages/ext/x07-ext-mcp-core/0.2.1/modules/std/mcp/tool.x07.json",
          "sha256": "bc13c2078cdcd9b79b7f822e0232f56bf193ae85c9264c4dc80379154b0afd85",
          "size_bytes": 1196
        },
        {
          "module_id": "std.mcp.util.json",
          "path": "packages/ext/x07-ext-mcp-core/0.2.1/modules/std/mcp/util/json.x07.json",
          "sha256": "81c289f3987178fe4a14c948e772cdf663be0eca6f9c4f6a850cfe832d8bb97f",
          "size_bytes": 2428
        }
      ],
      "name": "ext-mcp-core",
      "package_manifest_sha256": "4d972c31eef37e8d8154e47c8c8187e7bd052ae3e406cf941461c50b7fe54101",
      "path": "packages/ext/x07-ext-mcp-core/0.2.1",
      "version": "0.2.1"
    },
    {
      "determinism_tier": "os-world-only",
      "import_mode": "handwritten",
      "modules": [
        {
          "module_id": "std.mcp.obs.audit",
          "path": "packages/ext/x07-ext-mcp-obs/0.1.0/modules/std/mcp/obs/audit.x07.json",
          "sha256": "0719452a359bbc1df45ff3f08f291d9c437c040f9660c1c9a666987ca0414f10",
          "size_bytes": 952
        },
        {
          "module_id": "std.mcp.obs.metrics",
          "path": "packages/ext/x07-ext-mcp-obs/0.1.0/modules/std/mcp/obs/metrics.x07.json",
          "sha256": "54434c0a94cc742b3b78c77454df5fc5d211eb3bf90d4179ea4001f58b60413a",
          "size_bytes": 2680
        },
        {
          "module_id": "std.mcp.obs",
          "path": "packages/ext/x07-ext-mcp-obs/0.1.0/modules/std/mcp/obs.x07.json",
          "sha256": "61449a85d70cb9193596f7b63fef10b3b95c838d44784c928b6649b4e19f4c41",
          "size_bytes": 656
        }
      ],
      "name": "ext-mcp-obs",
      "package_manifest_sha256": "c01f639cce65e695a901795c8b3abbf4d8bb8e0ad8491b678696688af0afb358",
      "path": "packages/ext/x07-ext-mcp-obs/0.1.0",
      "version": "0.1.0"
    },
    {
      "determinism_tier": "pure",
      "import_mode": "handwritten",
      "modules": [
        {
          "module_id": "std.mcp.rr.sanitize",
          "path": "packages/ext/x07-ext-mcp-rr/0.1.0/modules/std/mcp/rr/sanitize.x07.json",
          "sha256": "c28448d1a2ed106b4c24ba7439bac4db4f57b6a2dfda7eb6c56b2f9079b5b26d",
          "size_bytes": 1473
        },
        {
          "module_id": "std.mcp.rr.session",
          "path": "packages/ext/x07-ext-mcp-rr/0.1.0/modules/std/mcp/rr/session.x07.json",
          "sha256": "0d02ab2b3b793a2116139a1724e57e75d06673c1a1d7046125de9007a6c0db0b",
          "size_bytes": 7410
        }
      ],
      "name": "ext-mcp-rr",
      "package_manifest_sha256": "bcc7dce50316ac8c1d6eba92c41b3dfe1e91725ce34962dea2945a8093183692",
      "path": "packages/ext/x07-ext-mcp-rr/0.1.0",
      "version": "0.1.0"
    },
    {
      "determinism_tier": "pure",
      "import_mode": "handwritten",
      "modules": [
        {
          "module_id": "std.mcp.rr.sanitize",
          "path": "packages/ext/x07-ext-mcp-rr/0.1.1/modules/std/mcp/rr/sanitize.x07.json",
          "sha256": "c28448d1a2ed106b4c24ba7439bac4db4f57b6a2dfda7eb6c56b2f9079b5b26d",
          "size_bytes": 1473
        },
        {
          "module_id": "std.mcp.rr.session",
          "path": "packages/ext/x07-ext-mcp-rr/0.1.1/modules/std/mcp/rr/session.x07.json",
          "sha256": "0d02ab2b3b793a2116139a1724e57e75d06673c1a1d7046125de9007a6c0db0b",
          "size_bytes": 7410
        }
      ],
      "name": "ext-mcp-rr",
      "package_manifest_sha256": "978c94b9cfa98e21b4d80c8b6def2e171cdcdfefa2ff61afb644fc12ec5a52d9",
      "path": "packages/ext/x07-ext-mcp-rr/0.1.1",
      "version": "0.1.1"
    },
    {
      "determinism_tier": "pure",
      "import_mode": "handwritten",
      "modules": [
        {
          "module_id": "std.mcp.rr.http",
          "path": "packages/ext/x07-ext-mcp-rr/0.2.0/modules/std/mcp/rr/http.x07.json",
          "sha256": "24e48fca32f2aaa9ea1aee7acc25ada0ad4eaab83e43dcc63dd6310cda7f9341",
          "size_bytes": 21849
        },
        {
          "module_id": "std.mcp.rr.sanitize",
          "path": "packages/ext/x07-ext-mcp-rr/0.2.0/modules/std/mcp/rr/sanitize.x07.json",
          "sha256": "64a3e8f3c1374cbe7f1c506446b3fce73a14a4d8e918ef3e20dad7493c3fdeb8",
          "size_bytes": 1708
        },
        {
          "module_id": "std.mcp.rr.session",
          "path": "packages/ext/x07-ext-mcp-rr/0.2.0/modules/std/mcp/rr/session.x07.json",
          "sha256": "0d02ab2b3b793a2116139a1724e57e75d06673c1a1d7046125de9007a6c0db0b",
          "size_bytes": 7410
        }
      ],
      "name": "ext-mcp-rr",
      "package_manifest_sha256": "7e56e2c63cfb6bf30ba6a508c4dcbec9a1ff070ac617fbfc017b3965d029ec96",
      "path": "packages/ext/x07-ext-mcp-rr/0.2.0",
      "version": "0.2.0"
    },
    {
      "determinism_tier": "pure",
      "import_mode": "handwritten",
      "modules": [
        {
          "module_id": "std.mcp.rr.http",
          "path": "packages/ext/x07-ext-mcp-rr/0.2.1/modules/std/mcp/rr/http.x07.json",
          "sha256": "69ec5ca3c5ce2b3e71d8dcfeec6116b368e0bde0f8750ea83914d114346506c7",
          "size_bytes": 25038
        },
        {
          "module_id": "std.mcp.rr.sanitize",
          "path": "packages/ext/x07-ext-mcp-rr/0.2.1/modules/std/mcp/rr/sanitize.x07.json",
          "sha256": "64a3e8f3c1374cbe7f1c506446b3fce73a14a4d8e918ef3e20dad7493c3fdeb8",
          "size_bytes": 1708
        },
        {
          "module_id": "std.mcp.rr.session",
          "path": "packages/ext/x07-ext-mcp-rr/0.2.1/modules/std/mcp/rr/session.x07.json",
          "sha256": "1603b1e53affd9fc5b7bfad8d650575759e3d2c27f1cdb913ba662038db5922a",
          "size_bytes": 8592
        }
      ],
      "name": "ext-mcp-rr",
      "package_manifest_sha256": "1b34ad4087cca454edb4b7fc031e80742e38311e30e134ee87f72a4530ef59b5",
      "path": "packages/ext/x07-ext-mcp-rr/0.2.1",
      "version": "0.2.1"
    },
    {
      "determinism_tier": "os-world-only",
      "import_mode": "handwritten",
      "modules": [
        {
          "module_id": "std.mcp.sandbox.policy_compile",
          "path": "packages/ext/x07-ext-mcp-sandbox/0.1.0/modules/std/mcp/sandbox/policy_compile.x07.json",
          "sha256": "81d89ef61aab2bbeac8a4d733cc14deac5ca0c834cf8592b7a134878c18e11ea",
          "size_bytes": 7000
        },
        {
          "module_id": "std.mcp.sandbox.profiles",
          "path": "packages/ext/x07-ext-mcp-sandbox/0.1.0/modules/std/mcp/sandbox/profiles.x07.json",
          "sha256": "44646f9ac97bdf9b2612a6e81e504d789fb227f44a74a053f9570880342f5fe7",
          "size_bytes": 875
        },
        {
          "module_id": "std.mcp.sandbox.router_exec",
          "path": "packages/ext/x07-ext-mcp-sandbox/0.1.0/modules/std/mcp/sandbox/router_exec.x07.json",
          "sha256": "86da3ba8333b564bc5b9d80a3029c057a135b08c1e609cd8a07c22ce8bb82c2d",
          "size_bytes": 9322
        }
      ],
      "name": "ext-mcp-sandbox",
      "package_manifest_sha256": "ea5c1f56d95b85f439e34f15709bd486e9804a539bbba87c594350b5f1652306",
      "path": "packages/ext/x07-ext-mcp-sandbox/0.1.0",
      "version": "0.1.0"
    },
    {
      "determinism_tier": "os-world-only",
      "import_mode": "handwritten",
      "modules": [
        {
          "module_id": "std.mcp.sandbox.policy_compile",
          "path": "packages/ext/x07-ext-mcp-sandbox/0.1.1/modules/std/mcp/sandbox/policy_compile.x07.json",
          "sha256": "81d89ef61aab2bbeac8a4d733cc14deac5ca0c834cf8592b7a134878c18e11ea",
          "size_bytes": 7000
        },
        {
          "module_id": "std.mcp.sandbox.profiles",
          "path": "packages/ext/x07-ext-mcp-sandbox/0.1.1/modules/std/mcp/sandbox/profiles.x07.json",
          "sha256": "44646f9ac97bdf9b2612a6e81e504d789fb227f44a74a053f9570880342f5fe7",
          "size_bytes": 875
        },
        {
          "module_id": "std.mcp.sandbox.router_exec",
          "path": "packages/ext/x07-ext-mcp-sandbox/0.1.1/modules/std/mcp/sandbox/router_exec.x07.json",
          "sha256": "5c854a502affe5d4afb4ce99cf9e5e1b98eaab8c7a021a5a1469644bf47bd191",
          "size_bytes": 9254
        }
      ],
      "name": "ext-mcp-sandbox",
      "package_manifest_sha256": "b4d25597d251fc12f9c128187b295589a2cb4bb05d50c407e2a492a2722740e5",
      "path": "packages/ext/x07-ext-mcp-sandbox/0.1.1",
      "version": "0.1.1"
    },
    {
      "determinism_tier": "os-world-only",
      "import_mode": "handwritten",
      "modules": [
        {
          "module_id": "std.mcp.sandbox.policy_compile",
          "path": "packages/ext/x07-ext-mcp-sandbox/0.2.0/modules/std/mcp/sandbox/policy_compile.x07.json",
          "sha256": "81d89ef61aab2bbeac8a4d733cc14deac5ca0c834cf8592b7a134878c18e11ea",
          "size_bytes": 7000
        },
        {
          "module_id": "std.mcp.sandbox.profiles",
          "path": "packages/ext/x07-ext-mcp-sandbox/0.2.0/modules/std/mcp/sandbox/profiles.x07.json",
          "sha256": "44646f9ac97bdf9b2612a6e81e504d789fb227f44a74a053f9570880342f5fe7",
          "size_bytes": 875
        },
        {
          "module_id": "std.mcp.sandbox.router_exec",
          "path": "packages/ext/x07-ext-mcp-sandbox/0.2.0/modules/std/mcp/sandbox/router_exec.x07.json",
          "sha256": "5c854a502affe5d4afb4ce99cf9e5e1b98eaab8c7a021a5a1469644bf47bd191",
          "size_bytes": 9254
        }
      ],
      "name": "ext-mcp-sandbox",
      "package_manifest_sha256": "666bef3f5253c88e72faf5f06164b9684bcbb875a9f43ec0d0a6bb3bd6697ac3",
      "path": "packages/ext/x07-ext-mcp-sandbox/0.2.0",
      "version": "0.2.0"
    },
    {
      "determinism_tier": "os-world-only",
      "import_mode": "handwritten",
      "modules": [
        {
          "module_id": "std.mcp.sandbox.policy_compile",
          "path": "packages/ext/x07-ext-mcp-sandbox/0.2.1/modules/std/mcp/sandbox/policy_compile.x07.json",
          "sha256": "81d89ef61aab2bbeac8a4d733cc14deac5ca0c834cf8592b7a134878c18e11ea",
          "size_bytes": 7000
        },
        {
          "module_id": "std.mcp.sandbox.profiles",
          "path": "packages/ext/x07-ext-mcp-sandbox/0.2.1/modules/std/mcp/sandbox/profiles.x07.json",
          "sha256": "44646f9ac97bdf9b2612a6e81e504d789fb227f44a74a053f9570880342f5fe7",
          "size_bytes": 875
        },
        {
          "module_id": "std.mcp.sandbox.router_exec",
          "path": "packages/ext/x07-ext-mcp-sandbox/0.2.1/modules/std/mcp/sandbox/router_exec.x07.json",
          "sha256": "5c854a502affe5d4afb4ce99cf9e5e1b98eaab8c7a021a5a1469644bf47bd191",
          "size_bytes": 9254
        }
      ],
      "name": "ext-mcp-sandbox",
      "package_manifest_sha256": "d05ab465951c99b5efcdbe11a442e60159c65a8d25135343986ac85d93ef673d",
      "path": "packages/ext/x07-ext-mcp-sandbox/0.2.1",
      "version": "0.2.1"
    },
    {
      "determinism_tier": "pure",
      "import_mode": "handwritten",
      "modules": [
        {
          "module_id": "std.mcp.toolkit.derive_hooks",
          "path": "packages/ext/x07-ext-mcp-toolkit/0.1.0/modules/std/mcp/toolkit/derive_hooks.x07.json",
          "sha256": "b8a645b8f9e628058f5fa86949471c7449f85549e854dfb84536a6ed56482929",
          "size_bytes": 932
        },
        {
          "module_id": "std.mcp.toolkit.schema_subset",
          "path": "packages/ext/x07-ext-mcp-toolkit/0.1.0/modules/std/mcp/toolkit/schema_subset.x07.json",
          "sha256": "b6d1c073394e843d6c823e2584543fba40e1a80c002d0cb59a9143e8ab3e826b",
          "size_bytes": 15957
        },
        {
          "module_id": "std.mcp.toolkit.server_cfg_file",
          "path": "packages/ext/x07-ext-mcp-toolkit/0.1.0/modules/std/mcp/toolkit/server_cfg_file.x07.json",
          "sha256": "51c55695ab400e268f66bc5dd9e53d5908adc93c1efc37702a6dd4256cc172a4",
          "size_bytes": 11094
        },
        {
          "module_id": "std.mcp.toolkit.stdio_dispatch",
          "path": "packages/ext/x07-ext-mcp-toolkit/0.1.0/modules/std/mcp/toolkit/stdio_dispatch.x07.json",
          "sha256": "c04c56c83bcbc243b0f4f64b0e1b5d9ec30fb7117832f570431c817bb551418d",
          "size_bytes": 26578
        },
        {
          "module_id": "std.mcp.toolkit.tools_file",
          "path": "packages/ext/x07-ext-mcp-toolkit/0.1.0/modules/std/mcp/toolkit/tools_file.x07.json",
          "sha256": "2911b7745e691a6b57aafecddffbed6282658ff3f21f2d6a9a55f45d48e7dc5d",
          "size_bytes": 16739
        }
      ],
      "name": "ext-mcp-toolkit",
      "package_manifest_sha256": "e154256d925bbdb95ca36934158fcf3dfbfaeee7934d09cdfd6b2da24ea15628",
      "path": "packages/ext/x07-ext-mcp-toolkit/0.1.0",
      "version": "0.1.0"
    },
    {
      "determinism_tier": "pure",
      "import_mode": "handwritten",
      "modules": [
        {
          "module_id": "std.mcp.toolkit.derive_hooks",
          "path": "packages/ext/x07-ext-mcp-toolkit/0.1.1/modules/std/mcp/toolkit/derive_hooks.x07.json",
          "sha256": "88777c9b801b101ebd977fadd241b85ad1e25ae5461c21cc6a4daac2f6519256",
          "size_bytes": 4174
        },
        {
          "module_id": "std.mcp.toolkit.schema_subset",
          "path": "packages/ext/x07-ext-mcp-toolkit/0.1.1/modules/std/mcp/toolkit/schema_subset.x07.json",
          "sha256": "b6d1c073394e843d6c823e2584543fba40e1a80c002d0cb59a9143e8ab3e826b",
          "size_bytes": 15957
        },
        {
          "module_id": "std.mcp.toolkit.server_cfg_file",
          "path": "packages/ext/x07-ext-mcp-toolkit/0.1.1/modules/std/mcp/toolkit/server_cfg_file.x07.json",
          "sha256": "51c55695ab400e268f66bc5dd9e53d5908adc93c1efc37702a6dd4256cc172a4",
          "size_bytes": 11094
        },
        {
          "module_id": "std.mcp.toolkit.stdio_dispatch",
          "path": "packages/ext/x07-ext-mcp-toolkit/0.1.1/modules/std/mcp/toolkit/stdio_dispatch.x07.json",
          "sha256": "9bc866df3fff36af76c79e90cb05ff4c77420dd1c787a86e7882778dfb085817",
          "size_bytes": 26568
        },
        {
          "module_id": "std.mcp.toolkit.tools_file",
          "path": "packages/ext/x07-ext-mcp-toolkit/0.1.1/modules/std/mcp/toolkit/tools_file.x07.json",
          "sha256": "a30cbbe53d944391d218fe2e106f203116149875e8524c14b34d9830c138daaf",
          "size_bytes": 16711
        }
      ],
      "name": "ext-mcp-toolkit",
      "package_manifest_sha256": "1b849e3e4cb00a7e97033491b415b5aceb3f7929c579f9a869511a9b5811eb42",
      "path": "packages/ext/x07-ext-mcp-toolkit/0.1.1",
      "version": "0.1.1"
    },
    {
      "determinism_tier": "pure",
      "import_mode": "handwritten",
      "modules": [
        {
          "module_id": "std.mcp.toolkit.derive_hooks",
          "path": "packages/ext/x07-ext-mcp-toolkit/0.2.0/modules/std/mcp/toolkit/derive_hooks.x07.json",
          "sha256": "88777c9b801b101ebd977fadd241b85ad1e25ae5461c21cc6a4daac2f6519256",
          "size_bytes": 4174
        },
        {
          "module_id": "std.mcp.toolkit.schema_subset",
          "path": "packages/ext/x07-ext-mcp-toolkit/0.2.0/modules/std/mcp/toolkit/schema_subset.x07.json",
          "sha256": "b6d1c073394e843d6c823e2584543fba40e1a80c002d0cb59a9143e8ab3e826b",
          "size_bytes": 15957
        },
        {
          "module_id": "std.mcp.toolkit.server_cfg_file",
          "path": "packages/ext/x07-ext-mcp-toolkit/0.2.0/modules/std/mcp/toolkit/server_cfg_file.x07.json",
          "sha256": "cdd979cc7cdad5b02def50f7f39e04094d4291c19fc0e9528af002c94428871a",
          "size_bytes": 11094
        },
        {
          "module_id": "std.mcp.toolkit.stdio_dispatch",
          "path": "packages/ext/x07-ext-mcp-toolkit/0.2.0/modules/std/mcp/toolkit/stdio_dispatch.x07.json",
          "sha256": "9bc866df3fff36af76c79e90cb05ff4c77420dd1c787a86e7882778dfb085817",
          "size_bytes": 26568
        },
        {
          "module_id": "std.mcp.toolkit.tools_file",
          "path": "packages/ext/x07-ext-mcp-toolkit/0.2.0/modules/std/mcp/toolkit/tools_file.x07.json",
          "sha256": "3853ff6e02f6d52effe593da7dae94113503f7bc361debff7889c0589368d28b",
          "size_bytes": 16711
        }
      ],
      "name": "ext-mcp-toolkit",
      "package_manifest_sha256": "0943f659346c79be2ef8a49265ff69dd58d460b0029d5a52546367539a7f43bc",
      "path": "packages/ext/x07-ext-mcp-toolkit/0.2.0",
      "version": "0.2.0"
    },
    {
      "determinism_tier": "pure",
      "import_mode": "handwritten",
      "modules": [
        {
          "module_id": "std.mcp.toolkit.derive_hooks",
          "path": "packages/ext/x07-ext-mcp-toolkit/0.2.1/modules/std/mcp/toolkit/derive_hooks.x07.json",
          "sha256": "88777c9b801b101ebd977fadd241b85ad1e25ae5461c21cc6a4daac2f6519256",
          "size_bytes": 4174
        },
        {
          "module_id": "std.mcp.toolkit.prompts_file",
          "path": "packages/ext/x07-ext-mcp-toolkit/0.2.1/modules/std/mcp/toolkit/prompts_file.x07.json",
          "sha256": "6c505f9f725edec6f45fa8b7ffe17f9f07a93b5df08b5d388c6831cd1df7f023",
          "size_bytes": 19961
        },
        {
          "module_id": "std.mcp.toolkit.resources_file",
          "path": "packages/ext/x07-ext-mcp-toolkit/0.2.1/modules/std/mcp/toolkit/resources_file.x07.json",
          "sha256": "a1ee694df26c8345bbf51fd15d48f705c330b5937c71edccce84df05addbbf52",
          "size_bytes": 18316
        },
        {
          "module_id": "std.mcp.toolkit.schema_subset",
          "path": "packages/ext/x07-ext-mcp-toolkit/0.2.1/modules/std/mcp/toolkit/schema_subset.x07.json",
          "sha256": "b6d1c073394e843d6c823e2584543fba40e1a80c002d0cb59a9143e8ab3e826b",
          "size_bytes": 15957
        },
        {
          "module_id": "std.mcp.toolkit.server_cfg_file",
          "path": "packages/ext/x07-ext-mcp-toolkit/0.2.1/modules/std/mcp/toolkit/server_cfg_file.x07.json",
          "sha256": "cdd979cc7cdad5b02def50f7f39e04094d4291c19fc0e9528af002c94428871a",
          "size_bytes": 11094
        },
        {
          "module_id": "std.mcp.toolkit.stdio_dispatch",
          "path": "packages/ext/x07-ext-mcp-toolkit/0.2.1/modules/std/mcp/toolkit/stdio_dispatch.x07.json",
          "sha256": "7b0569144dffa1e7b0bbc4db0b5f3ec6dbfa177b721b35950651a68633dbe24a",
          "size_bytes": 39288
        },
        {
          "module_id": "std.mcp.toolkit.tools_file",
          "path": "packages/ext/x07-ext-mcp-toolkit/0.2.1/modules/std/mcp/toolkit/tools_file.x07.json",
          "sha256": "102c8affdcbdcfe6cfac81ed018e32f0691e126766d48276d581fae1eb5c7d9b",
          "size_bytes": 18679
        }
      ],
      "name": "ext-mcp-toolkit",
      "package_manifest_sha256": "36eafa950a40a9f23cb387de5a47d7380336abfb1640700a2f3d0268197b7ef3",
      "path": "packages/ext/x07-ext-mcp-toolkit/0.2.1",
      "version": "0.2.1"
    },
    {
      "determinism_tier": "os-world-only",
      "import_mode": "handwritten",
      "modules": [
        {
          "module_id": "std.mcp.transport.http",
          "path": "packages/ext/x07-ext-mcp-transport-http/0.1.0/modules/std/mcp/transport/http.x07.json",
          "sha256": "50e7fbb3f3b459767f61e94ede31bb9a60a55ba656a74b273cd70ceb40eb16a0",
          "size_bytes": 25158
        },
        {
          "module_id": "std.mcp.transport.http_rules",
          "path": "packages/ext/x07-ext-mcp-transport-http/0.1.0/modules/std/mcp/transport/http_rules.x07.json",
          "sha256": "e7a7ede55e59ff647a450398b4da1c203782b8ae3da81b91bd341ae2ea8fe3e4",
          "size_bytes": 4267
        },
        {
          "module_id": "std.mcp.transport.http_session",
          "path": "packages/ext/x07-ext-mcp-transport-http/0.1.0/modules/std/mcp/transport/http_session.x07.json",
          "sha256": "9f8f72e5e25d089aeb3e5f22183c12508b477d7baff5eaa54cc402c25f64c4d9",
          "size_bytes": 1917
        }
      ],
      "name": "ext-mcp-transport-http",
      "package_manifest_sha256": "bc24d75066b573ce26571026418e1c8ff90b0ef601cfc39e1d09357010229c57",
      "path": "packages/ext/x07-ext-mcp-transport-http/0.1.0",
      "version": "0.1.0"
    },
    {
      "determinism_tier": "os-world-only",
      "import_mode": "handwritten",
      "modules": [
        {
          "module_id": "std.mcp.transport.http",
          "path": "packages/ext/x07-ext-mcp-transport-http/0.1.1/modules/std/mcp/transport/http.x07.json",
          "sha256": "a8a0c9145d060347b5d2cff811243c4accb5a4f4cdb993d81b935f8f5b451c6d",
          "size_bytes": 28434
        },
        {
          "module_id": "std.mcp.transport.http_rules",
          "path": "packages/ext/x07-ext-mcp-transport-http/0.1.1/modules/std/mcp/transport/http_rules.x07.json",
          "sha256": "e7a7ede55e59ff647a450398b4da1c203782b8ae3da81b91bd341ae2ea8fe3e4",
          "size_bytes": 4267
        },
        {
          "module_id": "std.mcp.transport.http_session",
          "path": "packages/ext/x07-ext-mcp-transport-http/0.1.1/modules/std/mcp/transport/http_session.x07.json",
          "sha256": "9f8f72e5e25d089aeb3e5f22183c12508b477d7baff5eaa54cc402c25f64c4d9",
          "size_bytes": 1917
        }
      ],
      "name": "ext-mcp-transport-http",
      "package_manifest_sha256": "d45d3801b0e8ab42abc04379c771e1abfc11c909e657c1046f6e520ca4765ffd",
      "path": "packages/ext/x07-ext-mcp-transport-http/0.1.1",
      "version": "0.1.1"
    },
    {
      "determinism_tier": "os-world-only",
      "import_mode": "handwritten",
      "modules": [
        {
          "module_id": "std.mcp.transport.stdio",
          "path": "packages/ext/x07-ext-mcp-transport-stdio/0.1.0/modules/std/mcp/transport/stdio.x07.json",
          "sha256": "8d246cb676b9d2150a39d314f2139f4614efe24e841f74fd1f2add9c645dd796",
          "size_bytes": 6445
        },
        {
          "module_id": "std.mcp.transport.stdio_loop",
          "path": "packages/ext/x07-ext-mcp-transport-stdio/0.1.0/modules/std/mcp/transport/stdio_loop.x07.json",
          "sha256": "3cfaa6fc7ad2cfb5976dbb82f4eaed2b1f4c52594167a409d285bb0460476523",
          "size_bytes": 1660
        }
      ],
      "name": "ext-mcp-transport-stdio",
      "package_manifest_sha256": "5bdc044fa052ed56c91685f1debeb5ba6206ceda87b7fdf8dbedcc4a7b543370",
      "path": "packages/ext/x07-ext-mcp-transport-stdio/0.1.0",
      "version": "0.1.0"
    },
    {
      "determinism_tier": "os-world-only",
      "import_mode": "handwritten",
      "modules": [
        {
          "module_id": "std.mcp.transport.stdio",
          "path": "packages/ext/x07-ext-mcp-transport-stdio/0.1.1/modules/std/mcp/transport/stdio.x07.json",
          "sha256": "8d246cb676b9d2150a39d314f2139f4614efe24e841f74fd1f2add9c645dd796",
          "size_bytes": 6445
        },
        {
          "module_id": "std.mcp.transport.stdio_loop",
          "path": "packages/ext/x07-ext-mcp-transport-stdio/0.1.1/modules/std/mcp/transport/stdio_loop.x07.json",
          "sha256": "3cfaa6fc7ad2cfb5976dbb82f4eaed2b1f4c52594167a409d285bb0460476523",
          "size_bytes": 1660
        }
      ],
      "name": "ext-mcp-transport-stdio",
      "package_manifest_sha256": "73df925be86cafedc4fa9d0258b27ae6948a9d82d6d015dfa45925d70f4952bd",
      "path": "packages/ext/x07-ext-mcp-transport-stdio/0.1.1",
      "version": "0.1.1"
    },
    {
      "determinism_tier": "os-world-only",
      "import_mode": "handwritten",
      "modules": [
        {
          "module_id": "std.mcp.transport.stdio",
          "path": "packages/ext/x07-ext-mcp-transport-stdio/0.2.0/modules/std/mcp/transport/stdio.x07.json",
          "sha256": "8d246cb676b9d2150a39d314f2139f4614efe24e841f74fd1f2add9c645dd796",
          "size_bytes": 6445
        },
        {
          "module_id": "std.mcp.transport.stdio_loop",
          "path": "packages/ext/x07-ext-mcp-transport-stdio/0.2.0/modules/std/mcp/transport/stdio_loop.x07.json",
          "sha256": "3cfaa6fc7ad2cfb5976dbb82f4eaed2b1f4c52594167a409d285bb0460476523",
          "size_bytes": 1660
        }
      ],
      "name": "ext-mcp-transport-stdio",
      "package_manifest_sha256": "6a0529e9774b40106b8108dfcc46e40f2ef731681900d41fd1dffd3ad902c71f",
      "path": "packages/ext/x07-ext-mcp-transport-stdio/0.2.0",
      "version": "0.2.0"
    },
    {
      "determinism_tier": "os-world-only",
      "import_mode": "handwritten",
      "modules": [
        {
          "module_id": "std.mcp.transport.stdio",
          "path": "packages/ext/x07-ext-mcp-transport-stdio/0.2.1/modules/std/mcp/transport/stdio.x07.json",
          "sha256": "3ddc75961bfe4928552b284036f81726e27a15e372dcf6351414541c9f345c51",
          "size_bytes": 8295
        },
        {
          "module_id": "std.mcp.transport.stdio_loop",
          "path": "packages/ext/x07-ext-mcp-transport-stdio/0.2.1/modules/std/mcp/transport/stdio_loop.x07.json",
          "sha256": "3cfaa6fc7ad2cfb5976dbb82f4eaed2b1f4c52594167a409d285bb0460476523",
          "size_bytes": 1660
        }
      ],
      "name": "ext-mcp-transport-stdio",
      "package_manifest_sha256": "50e0df2a24cc243e55728756a03c9d6d62fae42b2c527702cd14b1585f0ae640",
      "path": "packages/ext/x07-ext-mcp-transport-stdio/0.2.1",
      "version": "0.2.1"
    },
    {
      "determinism_tier": "pure",
      "import_mode": "handwritten",
      "modules": [
        {
          "module_id": "std.mcp.sandbox.worker_main",
          "path": "packages/ext/x07-ext-mcp-worker/0.1.0/modules/std/mcp/sandbox/worker_main.x07.json",
          "sha256": "00d6d766bc7fd6136a16ed480040a9288e0691c5e474eb2b92dd03fec7ae8c90",
          "size_bytes": 7807
        },
        {
          "module_id": "std.mcp.sandbox.worker_proto",
          "path": "packages/ext/x07-ext-mcp-worker/0.1.0/modules/std/mcp/sandbox/worker_proto.x07.json",
          "sha256": "64eb3551a8bf609f4af2bb75254bd9501a24bf8bb7f9a5b9498487f5d6fdb3bd",
          "size_bytes": 4959
        }
      ],
      "name": "ext-mcp-worker",
      "package_manifest_sha256": "696ecc0a05a92a8261c1fa1d486bb42e86c74bf7f866dec9edc69cd6ee6e8ef7",
      "path": "packages/ext/x07-ext-mcp-worker/0.1.0",
      "version": "0.1.0"
    },
    {
      "determinism_tier": "pure",
      "import_mode": "handwritten",
      "modules": [
        {
          "module_id": "std.mcp.sandbox.worker_main",
          "path": "packages/ext/x07-ext-mcp-worker/0.1.1/modules/std/mcp/sandbox/worker_main.x07.json",
          "sha256": "00d6d766bc7fd6136a16ed480040a9288e0691c5e474eb2b92dd03fec7ae8c90",
          "size_bytes": 7807
        },
        {
          "module_id": "std.mcp.sandbox.worker_proto",
          "path": "packages/ext/x07-ext-mcp-worker/0.1.1/modules/std/mcp/sandbox/worker_proto.x07.json",
          "sha256": "64eb3551a8bf609f4af2bb75254bd9501a24bf8bb7f9a5b9498487f5d6fdb3bd",
          "size_bytes": 4959
        }
      ],
      "name": "ext-mcp-worker",
      "package_manifest_sha256": "19583bf57314c0f4c09d34fdd240eb8b8455e58669c5b03a8af6b8a7682b5b9d",
      "path": "packages/ext/x07-ext-mcp-worker/0.1.1",
      "version": "0.1.1"
    },
    {
      "determinism_tier": "pure",
      "import_mode": "handwritten",
      "modules": [
        {
          "module_id": "std.mcp.sandbox.worker_main",
          "path": "packages/ext/x07-ext-mcp-worker/0.2.0/modules/std/mcp/sandbox/worker_main.x07.json",
          "sha256": "00d6d766bc7fd6136a16ed480040a9288e0691c5e474eb2b92dd03fec7ae8c90",
          "size_bytes": 7807
        },
        {
          "module_id": "std.mcp.sandbox.worker_proto",
          "path": "packages/ext/x07-ext-mcp-worker/0.2.0/modules/std/mcp/sandbox/worker_proto.x07.json",
          "sha256": "64eb3551a8bf609f4af2bb75254bd9501a24bf8bb7f9a5b9498487f5d6fdb3bd",
          "size_bytes": 4959
        }
      ],
      "name": "ext-mcp-worker",
      "package_manifest_sha256": "8054182cc90a1f1aa559c2ce170a6153727feda57ad9e3eacae66d096dcb6097",
      "path": "packages/ext/x07-ext-mcp-worker/0.2.0",
      "version": "0.2.0"
    },
    {
      "determinism_tier": "pure",
      "import_mode": "handwritten",
      "modules": [
        {
          "module_id": "std.mcp.sandbox.worker_main",
          "path": "packages/ext/x07-ext-mcp-worker/0.2.1/modules/std/mcp/sandbox/worker_main.x07.json",
          "sha256": "00d6d766bc7fd6136a16ed480040a9288e0691c5e474eb2b92dd03fec7ae8c90",
          "size_bytes": 7807
        },
        {
          "module_id": "std.mcp.sandbox.worker_proto",
          "path": "packages/ext/x07-ext-mcp-worker/0.2.1/modules/std/mcp/sandbox/worker_proto.x07.json",
          "sha256": "64eb3551a8bf609f4af2bb75254bd9501a24bf8bb7f9a5b9498487f5d6fdb3bd",
          "size_bytes": 4959
        }
      ],
      "name": "ext-mcp-worker",
      "package_manifest_sha256": "d45e019275674e1541a0f6ffb6e6ce5a66c27a88ddf2ca8eb789fc18f38bd3c8",
      "path": "packages/ext/x07-ext-mcp-worker/0.2.1",
      "version": "0.2.1"
    }
  ],
  "packages_hash": "a8b8e7bda048dce775824ce11c2f0ef27a04ad36c5b58a67ce477cf1c6197ac5",
  "packages_root": "packages/ext"
}
